
Microsoft Visual Studio Solution File, Format Version 12.00
# Visual Studio Version 17
VisualStudioVersion = 17.7.34202.233
MinimumVisualStudioVersion = 10.0.40219.1
Project("{FAE04EC0-301F-11D3-BF4B-00C04F79EFBC}") = "Bivens_StudentFormDemo", "Bivens_StudentFormDemo\Bivens_StudentFormDemo.csproj", "{BF259F2F-2399-4A43-AFD8-B74F87D11D20}"
EndProject
Global
	GlobalSection(SolutionConfigurationPlatforms) = preSolution
		Debug|Any CPU = Debug|Any CPU
		Release|Any CPU = Release|Any CPU
	EndGlobalSection
	GlobalSection(ProjectConfigurationPlatforms) = postSolution
		{BF259F2F-2399-4A43-AFD8-B74F87D11D20}.Debug|Any CPU.ActiveCfg = Debug|Any CPU
		{BF259F2F-2399-4A43-AFD8-B74F87D11D20}.Debug|Any CPU.Build.0 = Debug|Any CPU
		{BF259F2F-2399-4A43-AFD8-B74F87D11D20}.Release|Any CPU.ActiveCfg = Release|Any CPU
		{BF259F2F-2399-4A43-AFD8-B74F87D11D20}.Release|Any CPU.Build.0 = Release|Any CPU
	EndGlobalSection
	GlobalSection(SolutionProperties) = preSolution
		HideSolutionNode = FALSE
	EndGlobalSection
	GlobalSection(ExtensibilityGlobals) = postSolution
		SolutionGuid = {1FDB7022-F510-4772-91C1-076D5AAE21E5}
	EndGlobalSection
EndGlobal
